
Microsoft Visual Studio Solution File, Format Version 12.00
# Visual Studio 2012
Project("{FAE04EC0-301F-11D3-BF4B-00C04F79EFBC}") = "common", "app\common\common.csproj", "{02750785-7055-45F5-80B6-7AC71EC88D91}"
EndProject
Project("{FAE04EC0-301F-11D3-BF4B-00C04F79EFBC}") = "api", "app\api\api.csproj", "{AFED0C0E-44CE-4165-AE7E-198DFAD00243}"
EndProject
Project("{FAE04EC0-301F-11D3-BF4B-00C04F79EFBC}") = "runner", "app\runner\runner.csproj", "{B39308AF-D6B8-4978-B1A9-EDD2AB096F61}"
EndProject
Project("{FAE04EC0-301F-11D3-BF4B-00C04F79EFBC}") = "manager", "app\manager\manager.csproj", "{1CF54B58-2FEF-483F-929C-E42B014F6A60}"
EndProject
Project("{2150E333-8FDC-42A3-9474-1A3956D46DE8}") = "sln", "sln", "{18F7A7A7-19B1-4FB1-8597-BDF86D825243}"
EndProject
Project("{2150E333-8FDC-42A3-9474-1A3956D46DE8}") = "app", "app", "{DB4B9363-EB25-4701-9EB7-B50D76493D63}"
EndProject
Project("{2150E333-8FDC-42A3-9474-1A3956D46DE8}") = "tests", "tests", "{305576BC-D717-4DA7-8B66-5CD9F3BB8C5B}"
EndProject
Project("{2150E333-8FDC-42A3-9474-1A3956D46DE8}") = "unit", "unit", "{02E55738-9CD4-41AF-BB1B-A90AFDA227E7}"
EndProject
Project("{FAE04EC0-301F-11D3-BF4B-00C04F79EFBC}") = "apitest", "tests\unit\apitest\apitest.csproj", "{9D7983C7-D0AD-4A47-A37E-B5A7FBB77BF3}"
EndProject
Project("{FAE04EC0-301F-11D3-BF4B-00C04F79EFBC}") = "runnertest", "tests\unit\runnertest\runnertest.csproj", "{FA92793F-7B27-4C14-889C-AFE9CFC01BD9}"
EndProject
Global
	GlobalSection(SolutionConfigurationPlatforms) = preSolution
		Debug|Any CPU = Debug|Any CPU
		Release|Any CPU = Release|Any CPU
	EndGlobalSection
	GlobalSection(ProjectConfigurationPlatforms) = postSolution
		{02750785-7055-45F5-80B6-7AC71EC88D91}.Debug|Any CPU.ActiveCfg = Debug|Any CPU
		{02750785-7055-45F5-80B6-7AC71EC88D91}.Debug|Any CPU.Build.0 = Debug|Any CPU
		{02750785-7055-45F5-80B6-7AC71EC88D91}.Release|Any CPU.ActiveCfg = Release|Any CPU
		{02750785-7055-45F5-80B6-7AC71EC88D91}.Release|Any CPU.Build.0 = Release|Any CPU
		{AFED0C0E-44CE-4165-AE7E-198DFAD00243}.Debug|Any CPU.ActiveCfg = Debug|Any CPU
		{AFED0C0E-44CE-4165-AE7E-198DFAD00243}.Debug|Any CPU.Build.0 = Debug|Any CPU
		{AFED0C0E-44CE-4165-AE7E-198DFAD00243}.Release|Any CPU.ActiveCfg = Release|Any CPU
		{AFED0C0E-44CE-4165-AE7E-198DFAD00243}.Release|Any CPU.Build.0 = Release|Any CPU
		{B39308AF-D6B8-4978-B1A9-EDD2AB096F61}.Debug|Any CPU.ActiveCfg = Debug|Any CPU
		{B39308AF-D6B8-4978-B1A9-EDD2AB096F61}.Debug|Any CPU.Build.0 = Debug|Any CPU
		{B39308AF-D6B8-4978-B1A9-EDD2AB096F61}.Release|Any CPU.ActiveCfg = Release|Any CPU
		{B39308AF-D6B8-4978-B1A9-EDD2AB096F61}.Release|Any CPU.Build.0 = Release|Any CPU
		{1CF54B58-2FEF-483F-929C-E42B014F6A60}.Debug|Any CPU.ActiveCfg = Debug|Any CPU
		{1CF54B58-2FEF-483F-929C-E42B014F6A60}.Debug|Any CPU.Build.0 = Debug|Any CPU
		{1CF54B58-2FEF-483F-929C-E42B014F6A60}.Release|Any CPU.ActiveCfg = Release|Any CPU
		{1CF54B58-2FEF-483F-929C-E42B014F6A60}.Release|Any CPU.Build.0 = Release|Any CPU
		{9D7983C7-D0AD-4A47-A37E-B5A7FBB77BF3}.Debug|Any CPU.ActiveCfg = Debug|Any CPU
		{9D7983C7-D0AD-4A47-A37E-B5A7FBB77BF3}.Debug|Any CPU.Build.0 = Debug|Any CPU
		{9D7983C7-D0AD-4A47-A37E-B5A7FBB77BF3}.Release|Any CPU.ActiveCfg = Release|Any CPU
		{9D7983C7-D0AD-4A47-A37E-B5A7FBB77BF3}.Release|Any CPU.Build.0 = Release|Any CPU
		{FA92793F-7B27-4C14-889C-AFE9CFC01BD9}.Debug|Any CPU.ActiveCfg = Debug|Any CPU
		{FA92793F-7B27-4C14-889C-AFE9CFC01BD9}.Debug|Any CPU.Build.0 = Debug|Any CPU
		{FA92793F-7B27-4C14-889C-AFE9CFC01BD9}.Release|Any CPU.ActiveCfg = Release|Any CPU
		{FA92793F-7B27-4C14-889C-AFE9CFC01BD9}.Release|Any CPU.Build.0 = Release|Any CPU
	EndGlobalSection
	GlobalSection(NestedProjects) = preSolution
		{AFED0C0E-44CE-4165-AE7E-198DFAD00243} = {DB4B9363-EB25-4701-9EB7-B50D76493D63}
		{02750785-7055-45F5-80B6-7AC71EC88D91} = {DB4B9363-EB25-4701-9EB7-B50D76493D63}
		{1CF54B58-2FEF-483F-929C-E42B014F6A60} = {DB4B9363-EB25-4701-9EB7-B50D76493D63}
		{B39308AF-D6B8-4978-B1A9-EDD2AB096F61} = {DB4B9363-EB25-4701-9EB7-B50D76493D63}
		{DB4B9363-EB25-4701-9EB7-B50D76493D63} = {18F7A7A7-19B1-4FB1-8597-BDF86D825243}
		{305576BC-D717-4DA7-8B66-5CD9F3BB8C5B} = {18F7A7A7-19B1-4FB1-8597-BDF86D825243}
		{02E55738-9CD4-41AF-BB1B-A90AFDA227E7} = {305576BC-D717-4DA7-8B66-5CD9F3BB8C5B}
		{9D7983C7-D0AD-4A47-A37E-B5A7FBB77BF3} = {02E55738-9CD4-41AF-BB1B-A90AFDA227E7}
		{FA92793F-7B27-4C14-889C-AFE9CFC01BD9} = {02E55738-9CD4-41AF-BB1B-A90AFDA227E7}
	EndGlobalSection
EndGlobal
